// !$*UTF8*$!
{
	archiveVersion = 1;
	classes = {
	};
	objectVersion = 50;
	objects = {

/* Begin PBXBuildFile section */
		8E7A5D90249AD6D600997795 /* AppDelegate.swift in Sources */ = {isa = PBXBuildFile; fileRef = 8E7A5D8F249AD6D600997795 /* AppDelegate.swift */; };
		8E7A5D92249AD6D600997795 /* SceneDelegate.swift in Sources */ = {isa = PBXBuildFile; fileRef = 8E7A5D91249AD6D600997795 /* SceneDelegate.swift */; };
		8E7A5D94249AD6D600997795 /* ViewController.swift in Sources */ = {isa = PBXBuildFile; fileRef = 8E7A5D93249AD6D600997795 /* ViewController.swift */; };
		8E7A5D97249AD6D600997795 /* Main.storyboard in Resources */ = {isa = PBXBuildFile; fileRef = 8E7A5D95249AD6D600997795 /* Main.storyboard */; };
		8E7A5D99249AD6D800997795 /* Assets.xcassets in Resources */ = {isa = PBXBuildFile; fileRef = 8E7A5D98249AD6D800997795 /* Assets.xcassets */; };
		8E7A5D9C249AD6D800997795 /* LaunchScreen.storyboard in Resources */ = {isa = PBXBuildFile; fileRef = 8E7A5D9A249AD6D800997795 /* LaunchScreen.storyboard */; };
/* End PBXBuildFile section */

/* Begin PBXContainerItemProxy section */
		8E7A5DA9249AD74600997795 /* PBXContainerItemProxy */ = {
			isa = PBXContainerItemProxy;
			containerPortal = 8E7A5DA5249AD74600997795 /* LoadingIndicatorFrameworkDev.xcodeproj */;
			proxyType = 2;
			remoteGlobalIDString = 8E7A5D6C249AD30800997795;
			remoteInfo = LoadingIndicatorFrameworkDev;
		};
		8E7A5DAB249AD75300997795 /* PBXContainerItemProxy */ = {
			isa = PBXContainerItemProxy;
			containerPortal = 8E7A5DA5249AD74600997795 /* LoadingIndicatorFrameworkDev.xcodeproj */;
			proxyType = 1;
			remoteGlobalIDString = 8E7A5D6B249AD30800997795;
			remoteInfo = LoadingIndicatorFrameworkDev;
		};
/* End PBXContainerItemProxy section */

/* Begin PBXFileReference section */
		8E7A5D8C249AD6D600997795 /* LoadingUIFWTestApp.app */ = {isa = PBXFileReference; explicitFileType = wrapper.application; includeInIndex = 0; path = LoadingUIFWTestApp.app; sourceTree = BUILT_PRODUCTS_DIR; };
		8E7A5D8F249AD6D600997795 /* AppDelegate.swift */ = {isa = PBXFileReference; lastKnownFileType = sourcecode.swift; path = AppDelegate.swift; sourceTree = "<group>"; };
		8E7A5D91249AD6D600997795 /* SceneDelegate.swift */ = {isa = PBXFileReference; lastKnownFileType = sourcecode.swift; path = SceneDelegate.swift; sourceTree = "<group>"; };
		8E7A5D93249AD6D600997795 /* ViewController.swift */ = {isa = PBXFileReference; lastKnownFileType = sourcecode.swift; path = ViewController.swift; sourceTree = "<group>"; };
		8E7A5D96249AD6D600997795 /* Base */ = {isa = PBXFileReference; lastKnownFileType = file.storyboard; name = Base; path = Base.lproj/Main.storyboard; sourceTree = "<group>"; };
		8E7A5D98249AD6D800997795 /* Assets.xcassets */ = {isa = PBXFileReference; lastKnownFileType = folder.assetcatalog; path = Assets.xcassets; sourceTree = "<group>"; };
		8E7A5D9B249AD6D800997795 /* Base */ = {isa = PBXFileReference; lastKnownFileType = file.storyboard; name = Base; path = Base.lproj/LaunchScreen.storyboard; sourceTree = "<group>"; };
		8E7A5D9D249AD6D800997795 /* Info.plist */ = {isa = PBXFileReference; lastKnownFileType = text.plist.xml; path = Info.plist; sourceTree = "<group>"; };
		8E7A5DA5249AD74600997795 /* LoadingIndicatorFrameworkDev.xcodeproj */ = {isa = PBXFileReference; lastKnownFileType = "wrapper.pb-project"; name = LoadingIndicatorFrameworkDev.xcodeproj; path = ../../LoadingIndicatorFrameworkDev/LoadingIndicatorFrameworkDev.xcodeproj; sourceTree = "<group>"; };
/* End PBXFileReference section */

/* Begin PBXFrameworksBuildPhase section */
		8E7A5D89249AD6D600997795 /* Frameworks */ = {
			isa = PBXFrameworksBuildPhase;
			buildActionMask = 2147483647;
			files = (
			);
			runOnlyForDeploymentPostprocessing = 0;
		};
/* End PBXFrameworksBuildPhase section */

/* Begin PBXGroup section */
		8E7A5D83249AD6D600997795 = {
			isa = PBXGroup;
			children = (
				8E7A5DA4249AD72D00997795 /* Frameworks */,
				8E7A5D8E249AD6D600997795 /* LoadingUIFWTestApp */,
				8E7A5D8D249AD6D600997795 /* Products */,
			);
			sourceTree = "<group>";
		};
		8E7A5D8D249AD6D600997795 /* Products */ = {
			isa = PBXGroup;
			children = (
				8E7A5D8C249AD6D600997795 /* LoadingUIFWTestApp.app */,
			);
			name = Products;
			sourceTree = "<group>";
		};
		8E7A5D8E249AD6D600997795 /* LoadingUIFWTestApp */ = {
			isa = PBXGroup;
			children = (
				8E7A5DA3249AD6E800997795 /* Resources */,
				8E7A5D93249AD6D600997795 /* ViewController.swift */,
				8E7A5DAD249AD84A00997795 /* View */,
				8E7A5D9D249AD6D800997795 /* Info.plist */,
			);
			path = LoadingUIFWTestApp;
			sourceTree = "<group>";
		};
		8E7A5DA3249AD6E800997795 /* Resources */ = {
			isa = PBXGroup;
			children = (
				8E7A5D8F249AD6D600997795 /* AppDelegate.swift */,
				8E7A5D91249AD6D600997795 /* SceneDelegate.swift */,
				8E7A5D98249AD6D800997795 /* Assets.xcassets */,
				8E7A5D9A249AD6D800997795 /* LaunchScreen.storyboard */,
			);
			path = Resources;
			sourceTree = "<group>";
		};
		8E7A5DA4249AD72D00997795 /* Frameworks */ = {
			isa = PBXGroup;
			children = (
				8E7A5DA5249AD74600997795 /* LoadingIndicatorFrameworkDev.xcodeproj */,
			);
			path = Frameworks;
			sourceTree = "<group>";
		};
		8E7A5DA6249AD74600997795 /* Products */ = {
			isa = PBXGroup;
			children = (
				8E7A5DAA249AD74600997795 /* LoadingIndicatorFrameworkDev.framework */,
			);
			name = Products;
			sourceTree = "<group>";
		};
		8E7A5DAD249AD84A00997795 /* View */ = {
			isa = PBXGroup;
			children = (
				8E7A5D95249AD6D600997795 /* Main.storyboard */,
			);
			path = View;
			sourceTree = "<group>";
		};
/* End PBXGroup section */

/* Begin PBXNativeTarget section */
		8E7A5D8B249AD6D600997795 /* LoadingUIFWTestApp */ = {
			isa = PBXNativeTarget;
			buildConfigurationList = 8E7A5DA0249AD6D800997795 /* Build configuration list for PBXNativeTarget "LoadingUIFWTestApp" */;
			buildPhases = (
				8E7A5D88249AD6D600997795 /* Sources */,
				8E7A5D89249AD6D600997795 /* Frameworks */,
				8E7A5D8A249AD6D600997795 /* Resources */,
			);
			buildRules = (
			);
			dependencies = (
				8E7A5DAC249AD75300997795 /* PBXTargetDependency */,
			);
			name = LoadingUIFWTestApp;
			productName = LoadingUIFWTestApp;
			productReference = 8E7A5D8C249AD6D600997795 /* LoadingUIFWTestApp.app */;
			productType = "com.apple.product-type.application";
		};
/* End PBXNativeTarget section */

/* Begin PBXProject section */
		8E7A5D84249AD6D600997795 /* Project object */ = {
			isa = PBXProject;
			attributes = {
				LastSwiftUpdateCheck = 1150;
				LastUpgradeCheck = 1150;
				ORGANIZATIONNAME = "Joe Veverka";
				TargetAttributes = {
					8E7A5D8B249AD6D600997795 = {
						CreatedOnToolsVersion = 11.5;
					};
				};
			};
			buildConfigurationList = 8E7A5D87249AD6D600997795 /* Build configuration list for PBXProject "LoadingUIFWTestApp" */;
			compatibilityVersion = "Xcode 9.3";
			developmentRegion = en;
			hasScannedForEncodings = 0;
			knownRegions = (
				en,
				Base,
			);
			mainGroup = 8E7A5D83249AD6D600997795;
			productRefGroup = 8E7A5D8D249AD6D600997795 /* Products */;
			projectDirPath = "";
			projectReferences = (
				{
					ProductGroup = 8E7A5DA6249AD74600997795 /* Products */;
					ProjectRef = 8E7A5DA5249AD74600997795 /* LoadingIndicatorFrameworkDev.xcodeproj */;
				},
			);
			projectRoot = "";
			targets = (
				8E7A5D8B249AD6D600997795 /* LoadingUIFWTestApp */,
			);
		};
/* End PBXProject section */

/* Begin PBXReferenceProxy section */
		8E7A5DAA249AD74600997795 /* LoadingIndicatorFrameworkDev.framework */ = {
			isa = PBXReferenceProxy;
			fileType = wrapper.framework;
			path = LoadingIndicatorFrameworkDev.framework;
			remoteRef = 8E7A5DA9249AD74600997795 /* PBXContainerItemProxy */;
			sourceTree = BUILT_PRODUCTS_DIR;
		};
/* End PBXReferenceProxy section */

/* Begin PBXResourcesBuildPhase section */
		8E7A5D8A249AD6D600997795 /* Resources */ = {
			isa = PBXResourcesBuildPhase;
			buildActionMask = 2147483647;
			files = (
				8E7A5D9C249AD6D800997795 /* LaunchScreen.storyboard in Resources */,
				8E7A5D99249AD6D800997795 /* Assets.xcassets in Resources */,
				8E7A5D97249AD6D600997795 /* Main.storyboard in Resources */,
			);
			runOnlyForDeploymentPostprocessing = 0;
		};
/* End PBXResourcesBuildPhase section */

/* Begin PBXSourcesBuildPhase section */
		8E7A5D88249AD6D600997795 /* Sources */ = {
			isa = PBXSourcesBuildPhase;
			buildActionMask = 2147483647;
			files = (
				8E7A5D94249AD6D600997795 /* ViewController.swift in Sources */,
				8E7A5D90249AD6D600997795 /* AppDelegate.swift in Sources */,
				8E7A5D92249AD6D600997795 /* SceneDelegate.swift in Sources */,
			);
			runOnlyForDeploymentPostprocessing = 0;
		};
/* End PBXSourcesBuildPhase section */

/* Begin PBXTargetDependency section */
		8E7A5DAC249AD75300997795 /* PBXTargetDependency */ = {
			isa = PBXTargetDependency;
			name = LoadingIndicatorFrameworkDev;
			targetProxy = 8E7A5DAB249AD75300997795 /* PBXContainerItemProxy */;
		};
/* End PBXTargetDependency section */

/* Begin PBXVariantGroup section */
		8E7A5D95249AD6D600997795 /* Main.storyboard */ = {
			isa = PBXVariantGroup;
			children = (
				8E7A5D96249AD6D600997795 /* Base */,
			);
			name = Main.storyboard;
			sourceTree = "<group>";
		};
		8E7A5D9A249AD6D800997795 /* LaunchScreen.storyboard */ = {
			isa = PBXVariantGroup;
			children = (
				8E7A5D9B249AD6D800997795 /* Base */,
			);
			name = LaunchScreen.storyboard;
			sourceTree = "<group>";
		};
/* End PBXVariantGroup section */

/* Begin XCBuildConfiguration section */
		8E7A5D9E249AD6D800997795 /* Debug */ = {
			isa = XCBuildConfiguration;
			buildSettings = {
				ALWAYS_SEARCH_USER_PATHS = NO;
				CLANG_ANALYZER_NONNULL = YES;
				CLANG_ANALYZER_NUMBER_OBJECT_CONVERSION = YES_AGGRESSIVE;
				CLANG_CXX_LANGUAGE_STANDARD = "gnu++14";
				CLANG_CXX_LIBRARY = "libc++";
				CLANG_ENABLE_MODULES = YES;
				CLANG_ENABLE_OBJC_ARC = YES;
				CLANG_ENABLE_OBJC_WEAK = YES;
				CLANG_WARN_BLOCK_CAPTURE_AUTORELEASING = YES;
				CLANG_WARN_BOOL_CONVERSION = YES;
				CLANG_WARN_COMMA = YES;
				CLANG_WARN_CONSTANT_CONVERSION = YES;
				CLANG_WARN_DEPRECATED_OBJC_IMPLEMENTATIONS = YES;
				CLANG_WARN_DIRECT_OBJC_ISA_USAGE = YES_ERROR;
				CLANG_WARN_DOCUMENTATION_COMMENTS = YES;
				CLANG_WARN_EMPTY_BODY = YES;
				CLANG_WARN_ENUM_CONVERSION = YES;
				CLANG_WARN_INFINITE_RECURSION = YES;
				CLANG_WARN_INT_CONVERSION = YES;
				CLANG_WARN_NON_LITERAL_NULL_CONVERSION = YES;
				CLANG_WARN_OBJC_IMPLICIT_RETAIN_SELF = YES;
				CLANG_WARN_OBJC_LITERAL_CONVERSION = YES;
				CLANG_WARN_OBJC_ROOT_CLASS = YES_ERROR;
				CLANG_WARN_RANGE_LOOP_ANALYSIS = YES;
				CLANG_WARN_STRICT_PROTOTYPES = YES;
				CLANG_WARN_SUSPICIOUS_MOVE = YES;
				CLANG_WARN_UNGUARDED_AVAILABILITY = YES_AGGRESSIVE;
				CLANG_WARN_UNREACHABLE_CODE = YES;
				CLANG_WARN__DUPLICATE_METHOD_MATCH = YES;
				COPY_PHASE_STRIP = NO;
				DEBUG_INFORMATION_FORMAT = dwarf;
				ENABLE_STRICT_OBJC_MSGSEND = YES;
				ENABLE_TESTABILITY = YES;
				GCC_C_LANGUAGE_STANDARD = gnu11;
				GCC_DYNAMIC_NO_PIC = NO;
				GCC_NO_COMMON_BLOCKS = YES;
				GCC_OPTIMIZATION_LEVEL = 0;
				GCC_PREPROCESSOR_DEFINITIONS = (
					"DEBUG=1",
					"$(inherited)",
				);
				GCC_WARN_64_TO_32_BIT_CONVERSION = YES;
				GCC_WARN_ABOUT_RETURN_TYPE = YES_ERROR;
				GCC_WARN_UNDECLARED_SELECTOR = YES;
				GCC_WARN_UNINITIALIZED_AUTOS = YES_AGGRESSIVE;
				GCC_WARN_UNUSED_FUNCTION = YES;
				GCC_WARN_UNUSED_VARIABLE = YES;
				IPHONEOS_DEPLOYMENT_TARGET = 13.5;
				MTL_ENABLE_DEBUG_INFO = INCLUDE_SOURCE;
				MTL_FAST_MATH = YES;
				ONLY_ACTIVE_ARCH = YES;
				SDKROOT = iphoneos;
				SWIFT_ACTIVE_COMPILATION_CONDITIONS = DEBUG;
				SWIFT_OPTIMIZATION_LEVEL = "-Onone";
			};
			name = Debug;
		};
		8E7A5D9F249AD6D800997795 /* Release */ = {
			isa = XCBuildConfiguration;
			buildSettings = {
				ALWAYS_SEARCH_USER_PATHS = NO;
				CLANG_ANALYZER_NONNULL = YES;
				CLANG_ANALYZER_NUMBER_OBJECT_CONVERSION = YES_AGGRESSIVE;
				CLANG_CXX_LANGUAGE_STANDARD = "gnu++14";
				CLANG_CXX_LIBRARY = "libc++";
				CLANG_ENABLE_MODULES = YES;
				CLANG_ENABLE_OBJC_ARC = YES;
				CLANG_ENABLE_OBJC_WEAK = YES;
				CLANG_WARN_BLOCK_CAPTURE_AUTORELEASING = YES;
				CLANG_WARN_BOOL_CONVERSION = YES;
				CLANG_WARN_COMMA = YES;
				CLANG_WARN_CONSTANT_CONVERSION = YES;
				CLANG_WARN_DEPRECATED_OBJC_IMPLEMENTATIONS = YES;
				CLANG_WARN_DIRECT_OBJC_ISA_USAGE = YES_ERROR;
				CLANG_WARN_DOCUMENTATION_COMMENTS = YES;
				CLANG_WARN_EMPTY_BODY = YES;
				CLANG_WARN_ENUM_CONVERSION = YES;
				CLANG_WARN_INFINITE_RECURSION = YES;
				CLANG_WARN_INT_CONVERSION = YES;
				CLANG_WARN_NON_LITERAL_NULL_CONVERSION = YES;
				CLANG_WARN_OBJC_IMPLICIT_RETAIN_SELF = YES;
				CLANG_WARN_OBJC_LITERAL_CONVERSION = YES;
				CLANG_WARN_OBJC_ROOT_CLASS = YES_ERROR;
				CLANG_WARN_RANGE_LOOP_ANALYSIS = YES;
				CLANG_WARN_STRICT_PROTOTYPES = YES;
				CLANG_WARN_SUSPICIOUS_MOVE = YES;
				CLANG_WARN_UNGUARDED_AVAILABILITY = YES_AGGRESSIVE;
				CLANG_WARN_UNREACHABLE_CODE = YES;
				CLANG_WARN__DUPLICATE_METHOD_MATCH = YES;
				COPY_PHASE_STRIP = NO;
				DEBUG_INFORMATION_FORMAT = "dwarf-with-dsym";
				ENABLE_NS_ASSERTIONS = NO;
				ENABLE_STRICT_OBJC_MSGSEND = YES;
				GCC_C_LANGUAGE_STANDARD = gnu11;
				GCC_NO_COMMON_BLOCKS = YES;
				GCC_WARN_64_TO_32_BIT_CONVERSION = YES;
				GCC_WARN_ABOUT_RETURN_TYPE = YES_ERROR;
				GCC_WARN_UNDECLARED_SELECTOR = YES;
				GCC_WARN_UNINITIALIZED_AUTOS = YES_AGGRESSIVE;
				GCC_WARN_UNUSED_FUNCTION = YES;
				GCC_WARN_UNUSED_VARIABLE = YES;
				IPHONEOS_DEPLOYMENT_TARGET = 13.5;
				MTL_ENABLE_DEBUG_INFO = NO;
				MTL_FAST_MATH = YES;
				SDKROOT = iphoneos;
				SWIFT_COMPILATION_MODE = wholemodule;
				SWIFT_OPTIMIZATION_LEVEL = "-O";
				VALIDATE_PRODUCT = YES;
			};
			name = Release;
		};
		8E7A5DA1249AD6D800997795 /* Debug */ = {
			isa = XCBuildConfiguration;
			buildSettings = {
				ASSETCATALOG_COMPILER_APPICON_NAME = AppIcon;
				CODE_SIGN_STYLE = Automatic;
				DEVELOPMENT_TEAM = ZLCFP6QUVG;
				INFOPLIST_FILE = LoadingUIFWTestApp/Info.plist;
				LD_RUNPATH_SEARCH_PATHS = (
					"$(inherited)",
					"@executable_path/Frameworks",
				);
				PRODUCT_BUNDLE_IDENTIFIER = com.joeV.LoadingUIFWTestApp;
				PRODUCT_NAME = "$(TARGET_NAME)";
				SWIFT_VERSION = 5.0;
				TARGETED_DEVICE_FAMILY = "1,2";
			};
			name = Debug;
		};
		8E7A5DA2249AD6D800997795 /* Release */ = {
			isa = XCBuildConfiguration;
			buildSettings = {
				ASSETCATALOG_COMPILER_APPICON_NAME = AppIcon;
				CODE_SIGN_STYLE = Automatic;
				DEVELOPMENT_TEAM = ZLCFP6QUVG;
				INFOPLIST_FILE = LoadingUIFWTestApp/Info.plist;
				LD_RUNPATH_SEARCH_PATHS = (
					"$(inherited)",
					"@executable_path/Frameworks",
				);
				PRODUCT_BUNDLE_IDENTIFIER = com.joeV.LoadingUIFWTestApp;
				PRODUCT_NAME = "$(TARGET_NAME)";
				SWIFT_VERSION = 5.0;
				TARGETED_DEVICE_FAMILY = "1,2";
			};
			name = Release;
		};
/* End XCBuildConfiguration section */

/* Begin XCConfigurationList section */
		8E7A5D87249AD6D600997795 /* Build configuration list for PBXProject "LoadingUIFWTestApp" */ = {
			isa = XCConfigurationList;
			buildConfigurations = (
				8E7A5D9E249AD6D800997795 /* Debug */,
				8E7A5D9F249AD6D800997795 /* Release */,
			);
			defaultConfigurationIsVisible = 0;
			defaultConfigurationName = Release;
		};
		8E7A5DA0249AD6D800997795 /* Build configuration list for PBXNativeTarget "LoadingUIFWTestApp" */ = {
			isa = XCConfigurationList;
			buildConfigurations = (
				8E7A5DA1249AD6D800997795 /* Debug */,
				8E7A5DA2249AD6D800997795 /* Release */,
			);
			defaultConfigurationIsVisible = 0;
			defaultConfigurationName = Release;
		};
/* End XCConfigurationList section */
	};
	rootObject = 8E7A5D84249AD6D600997795 /* Project object */;
}
